
Microsoft Visual Studio Solution File, Format Version 11.00
# Visual Studio 2010
Project("{FAE04EC0-301F-11D3-BF4B-00C04F79EFBC}") = "Assembly-CSharp", "Assembly-CSharp.csproj", "{A313FF43-3CF8-49CC-6E91-9F3069A5FEFD}"
EndProject
Global
	GlobalSection(SolutionConfigurationPlatforms) = preSolution
		Debug|Any CPU = Debug|Any CPU
		Release|Any CPU = Release|Any CPU
	EndGlobalSection
	GlobalSection(ProjectConfigurationPlatforms) = postSolution
		{A313FF43-3CF8-49CC-6E91-9F3069A5FEFD}.Debug|Any CPU.ActiveCfg = Debug|Any CPU
		{A313FF43-3CF8-49CC-6E91-9F3069A5FEFD}.Debug|Any CPU.Build.0 = Debug|Any CPU
		{A313FF43-3CF8-49CC-6E91-9F3069A5FEFD}.Release|Any CPU.ActiveCfg = Release|Any CPU
		{A313FF43-3CF8-49CC-6E91-9F3069A5FEFD}.Release|Any CPU.Build.0 = Release|Any CPU
	EndGlobalSection
	GlobalSection(SolutionProperties) = preSolution
		HideSolutionNode = FALSE
	EndGlobalSection
EndGlobal
